{
  "version": 4,
  "terraform_version": "0.13.2",
  "serial": 56,
  "lineage": "18f8d6bf-698d-64d8-7449-bc9223dfb2e6",
  "outputs": {
    "config_map_aws_auth": {
      "value": "\n\napiVersion: v1\nkind: ConfigMap\nmetadata:\n  name: aws-auth\n  namespace: kube-system\ndata:\n  mapRoles: |\n    - rolearn: arn:aws:iam::910897187906:role/standard-workernode-role\n      username: system:node:{{EC2PrivateDNSName}}\n      groups:\n        - system:bootstrappers\n        - system:nodes\n",
      "type": "string"
    },
    "kubeconfig": {
      "value": "\n\napiVersion: v1\nclusters:\n- cluster:\n    server: https://9734B5C5E75178E05FCFABF5CD57CF25.gr7.us-west-2.eks.amazonaws.com\n    certificate-authority-data: LS0tLS1CRUdJTiBDRVJUSUZJQ0FURS0tLS0tCk1JSUN5RENDQWJDZ0F3SUJBZ0lCQURBTkJna3Foa2lHOXcwQkFRc0ZBREFWTVJNd0VRWURWUVFERXdwcmRXSmwKY201bGRHVnpNQjRYRFRJd01Ea3dOREl4TXprME1Gb1hEVE13TURrd01qSXhNemswTUZvd0ZURVRNQkVHQTFVRQpBeE1LYTNWaVpYSnVaWFJsY3pDQ0FTSXdEUVlKS29aSWh2Y05BUUVCQlFBRGdnRVBBRENDQVFvQ2dnRUJBTjRTCjY5TVgvMnhWN0xhaWlHY2gzSDR2ZnhwOXRwb0JLaFNSZlFWMUdIdFlVVVBQRGhqTEFsVHNEV0krS1JROXRpMmQKVmQ4NWxPV3UycnpBMU01R2laeXcrUzVXa3VaaVlKY0ZKMEdUYk9KSHcrQlFYalFKM3krNDVrMndRWHNaMWl5LwpLL3AwcnhyM0dDVjZ6bHJZeXZuRjEzbmN0Nkg1VS82WXFFaWh3UEdKQkFDU21NRThsR0NNYVlOd29RLytWb2hFCm1SampOZEl5WG9NZkQ3dDZHWjlBbXBKb2pZazdvelVBWHNsdEVBVTNYVWZaMmJOY0lpK2VsZUdZNGNYUWRyT2IKTFF3cTR3M3oxNm1waXZNbzRKSVFRU2UzdlJlWG1seWM3NCtXOS9MenF4WmpCcWtMNFJlOVA1cmxwZEdDL2MvcgpyWnBoSTZvcDhodXBCRFg0cGVrQ0F3RUFBYU1qTUNFd0RnWURWUjBQQVFIL0JBUURBZ0trTUE4R0ExVWRFd0VCCi93UUZNQU1CQWY4d0RRWUpLb1pJaHZjTkFRRUxCUUFEZ2dFQkFLUVQ4VVRGVTRoZXlTMk5aN1kvSjJNN0twQWIKMk1MTWlzOW1rc3ZlclhoVVZXTHU4dnN4TnJvWjM2K1MrMVhkN0owOHkzaUVpQ2Qyeks4T2NDSDBudTZuSGZFUwp6Z0JZbGJCUGFVOWhZMEUrRXRuaTdLWFlTS2svL25JcUFIZ0VvVWdubjhjdkc4V3kvWDFxR0tMbjdvWG9jN2NJClZxQzRFWThTbzh0bkwvU3BYNGZwemdrQ2dZcktjMVJCdmZLaFJlbklhNzZXbGY4R29aaFhyU0oyTytpdCs3SEQKRWV6ZTF1cVRjUXFNV2tDNnlhNUZORythZzJ0VjZJQVZ0cG41YTFTSTlYSnZ6b1U2MFZuQlBPcnpJSC9XOFRlSQpTQkVFa25JT2FXVjJWb0tDcjB0aUgrRm5QTEkwNXJNMVlZeXFlVTJYeXFwR0FyejNnUU0raHRxTnlIND0KLS0tLS1FTkQgQ0VSVElGSUNBVEUtLS0tLQo=\n  name: kubernetes\ncontexts:\n- context:\n    cluster: kubernetes\n    user: aws\n  name: aws\ncurrent-context: aws\nkind: Config\npreferences: {}\nusers:\n- name: aws\n  user:\n    exec:\n      apiVersion: client.authentication.k8s.io/v1alpha1\n      command: aws-iam-authenticator\n      args:\n        - \"token\"\n        - \"-i\"\n        - \"dev-cluster\"\n",
      "type": "string"
    },
    "run_kubconfig_command": {
      "value": "\"aws eks update-kubeconfig --name dev-cluster --region us-west-2\"",
      "type": "string"
    }
  },
  "resources": [
    {
      "mode": "data",
      "type": "aws_availability_zones",
      "name": "available",
      "provider": "provider[\"registry.terraform.io/hashicorp/aws\"]",
      "instances": [
        {
          "schema_version": 0,
          "attributes": {
            "all_availability_zones": null,
            "exclude_names": null,
            "exclude_zone_ids": null,
            "filter": null,
            "group_names": [
              "us-west-2"
            ],
            "id": "2020-09-05 04:53:12.674372982 +0000 UTC",
            "names": [
              "us-west-2a",
              "us-west-2b",
              "us-west-2c",
              "us-west-2d"
            ],
            "state": null,
            "zone_ids": [
              "usw2-az1",
              "usw2-az2",
              "usw2-az3",
              "usw2-az4"
            ]
          }
        }
      ]
    },
    {
      "mode": "data",
      "type": "http",
      "name": "workstation-external-ip",
      "provider": "provider[\"registry.terraform.io/hashicorp/http\"]",
      "instances": [
        {
          "schema_version": 0,
          "attributes": {
            "body": "34.222.32.127\n",
            "id": "2020-09-05 04:53:11.91430295 +0000 UTC",
            "request_headers": null,
            "response_headers": {
              "Access-Control-Allow-Methods": "GET",
              "Access-Control-Allow-Origin": "*",
              "Content-Length": "14",
              "Content-Type": "text/plain; charset=UTF-8",
              "Date": "Sat, 05 Sep 2020 04:53:11 GMT",
              "Server": "nginx",
              "X-Donation": "This site is expensive to run. You can donate BTC to 3LSp89k9qnMJBpV7AUNF3M2Eo1vatpkYpm",
              "X-Duck": "🦆",
              "X-Node": "icanhazip-iad-1",
              "X-Rtfm": "Learn about this site at http://bit.ly/icanhazip-faq and do not abuse the service."
            },
            "url": "http://ipv4.icanhazip.com"
          }
        }
      ]
    },
    {
      "mode": "managed",
      "type": "aws_eks_cluster",
      "name": "demo",
      "provider": "provider[\"registry.terraform.io/hashicorp/aws\"]",
      "instances": [
        {
          "schema_version": 0,
          "attributes": {
            "arn": "arn:aws:eks:us-west-2:910897187906:cluster/dev-cluster",
            "certificate_authority": [
              {
                "data": "LS0tLS1CRUdJTiBDRVJUSUZJQ0FURS0tLS0tCk1JSUN5RENDQWJDZ0F3SUJBZ0lCQURBTkJna3Foa2lHOXcwQkFRc0ZBREFWTVJNd0VRWURWUVFERXdwcmRXSmwKY201bGRHVnpNQjRYRFRJd01Ea3dOREl4TXprME1Gb1hEVE13TURrd01qSXhNemswTUZvd0ZURVRNQkVHQTFVRQpBeE1LYTNWaVpYSnVaWFJsY3pDQ0FTSXdEUVlKS29aSWh2Y05BUUVCQlFBRGdnRVBBRENDQVFvQ2dnRUJBTjRTCjY5TVgvMnhWN0xhaWlHY2gzSDR2ZnhwOXRwb0JLaFNSZlFWMUdIdFlVVVBQRGhqTEFsVHNEV0krS1JROXRpMmQKVmQ4NWxPV3UycnpBMU01R2laeXcrUzVXa3VaaVlKY0ZKMEdUYk9KSHcrQlFYalFKM3krNDVrMndRWHNaMWl5LwpLL3AwcnhyM0dDVjZ6bHJZeXZuRjEzbmN0Nkg1VS82WXFFaWh3UEdKQkFDU21NRThsR0NNYVlOd29RLytWb2hFCm1SampOZEl5WG9NZkQ3dDZHWjlBbXBKb2pZazdvelVBWHNsdEVBVTNYVWZaMmJOY0lpK2VsZUdZNGNYUWRyT2IKTFF3cTR3M3oxNm1waXZNbzRKSVFRU2UzdlJlWG1seWM3NCtXOS9MenF4WmpCcWtMNFJlOVA1cmxwZEdDL2MvcgpyWnBoSTZvcDhodXBCRFg0cGVrQ0F3RUFBYU1qTUNFd0RnWURWUjBQQVFIL0JBUURBZ0trTUE4R0ExVWRFd0VCCi93UUZNQU1CQWY4d0RRWUpLb1pJaHZjTkFRRUxCUUFEZ2dFQkFLUVQ4VVRGVTRoZXlTMk5aN1kvSjJNN0twQWIKMk1MTWlzOW1rc3ZlclhoVVZXTHU4dnN4TnJvWjM2K1MrMVhkN0owOHkzaUVpQ2Qyeks4T2NDSDBudTZuSGZFUwp6Z0JZbGJCUGFVOWhZMEUrRXRuaTdLWFlTS2svL25JcUFIZ0VvVWdubjhjdkc4V3kvWDFxR0tMbjdvWG9jN2NJClZxQzRFWThTbzh0bkwvU3BYNGZwemdrQ2dZcktjMVJCdmZLaFJlbklhNzZXbGY4R29aaFhyU0oyTytpdCs3SEQKRWV6ZTF1cVRjUXFNV2tDNnlhNUZORythZzJ0VjZJQVZ0cG41YTFTSTlYSnZ6b1U2MFZuQlBPcnpJSC9XOFRlSQpTQkVFa25JT2FXVjJWb0tDcjB0aUgrRm5QTEkwNXJNMVlZeXFlVTJYeXFwR0FyejNnUU0raHRxTnlIND0KLS0tLS1FTkQgQ0VSVElGSUNBVEUtLS0tLQo="
              }
            ],
            "created_at": "2020-09-04 21:30:41.18 +0000 UTC",
            "enabled_cluster_log_types": [],
            "encryption_config": [],
            "endpoint": "https://9734B5C5E75178E05FCFABF5CD57CF25.gr7.us-west-2.eks.amazonaws.com",
            "id": "dev-cluster",
            "identity": [
              {
                "oidc": [
                  {
                    "issuer": "https://oidc.eks.us-west-2.amazonaws.com/id/9734B5C5E75178E05FCFABF5CD57CF25"
                  }
                ]
              }
            ],
            "name": "dev-cluster",
            "platform_version": "eks.3",
            "role_arn": "arn:aws:iam::910897187906:role/dev-cluster-role",
            "status": "ACTIVE",
            "tags": {},
            "timeouts": null,
            "version": "1.17",
            "vpc_config": [
              {
                "cluster_security_group_id": "sg-06b9fabdcff84ed5a",
                "endpoint_private_access": false,
                "endpoint_public_access": true,
                "public_access_cidrs": [
                  "0.0.0.0/0"
                ],
                "security_group_ids": [
                  "sg-0329626afe667377c"
                ],
                "subnet_ids": [
                  "subnet-07c04191a9f07f812",
                  "subnet-0855fcb24006e5955"
                ],
                "vpc_id": "vpc-03d3690119fed79df"
              }
            ]
          },
          "private": "eyJlMmJmYjczMC1lY2FhLTExZTYtOGY4OC0zNDM2M2JjN2M0YzAiOnsiY3JlYXRlIjoxODAwMDAwMDAwMDAwLCJkZWxldGUiOjkwMDAwMDAwMDAwMCwidXBkYXRlIjozNjAwMDAwMDAwMDAwfX0=",
          "dependencies": [
            "aws_iam_role.demo-cluster",
            "aws_iam_role_policy_attachment.demo-cluster-AmazonEKSClusterPolicy",
            "aws_security_group.demo-cluster",
            "aws_subnet.demo",
            "aws_vpc.demo",
            "data.aws_availability_zones.available"
          ]
        }
      ]
    },
    {
      "mode": "managed",
      "type": "aws_eks_node_group",
      "name": "demo",
      "provider": "provider[\"registry.terraform.io/hashicorp/aws\"]",
      "instances": [
        {
          "schema_version": 0,
          "attributes": {
            "ami_type": "AL2_x86_64",
            "arn": "arn:aws:eks:us-west-2:910897187906:nodegroup/dev-cluster/standard-workernode/4cba2d89-3cbe-af57-37f7-a7677017678f",
            "cluster_name": "dev-cluster",
            "disk_size": 20,
            "force_update_version": null,
            "id": "dev-cluster:standard-workernode",
            "instance_types": [
              "t3.small"
            ],
            "labels": {},
            "launch_template": [],
            "node_group_name": "standard-workernode",
            "node_role_arn": "arn:aws:iam::910897187906:role/standard-workernode-role",
            "release_version": "1.17.9-20200904",
            "remote_access": [
              {
                "ec2_ssh_key": "eksworkshop",
                "source_security_group_ids": [
                  "sg-0d0816f38b5f94d11"
                ]
              }
            ],
            "resources": [
              {
                "autoscaling_groups": [
                  {
                    "name": "eks-4cba2d89-3cbe-af57-37f7-a7677017678f"
                  }
                ],
                "remote_access_security_group_id": "sg-025db1fa47863ccbf"
              }
            ],
            "scaling_config": [
              {
                "desired_size": 1,
                "max_size": 1,
                "min_size": 1
              }
            ],
            "status": "ACTIVE",
            "subnet_ids": [
              "subnet-07c04191a9f07f812",
              "subnet-0855fcb24006e5955"
            ],
            "tags": {},
            "timeouts": null,
            "version": "1.17"
          },
          "private": "eyJlMmJmYjczMC1lY2FhLTExZTYtOGY4OC0zNDM2M2JjN2M0YzAiOnsiY3JlYXRlIjozNjAwMDAwMDAwMDAwLCJkZWxldGUiOjM2MDAwMDAwMDAwMDAsInVwZGF0ZSI6MzYwMDAwMDAwMDAwMH19",
          "dependencies": [
            "aws_eks_cluster.demo",
            "aws_iam_role.demo-cluster",
            "aws_iam_role.demo-node",
            "aws_iam_role_policy_attachment.demo-cluster-AmazonEKSClusterPolicy",
            "aws_iam_role_policy_attachment.demo-node-AmazonEC2ContainerRegistryReadOnly",
            "aws_iam_role_policy_attachment.demo-node-AmazonEKSWorkerNodePolicy",
            "aws_iam_role_policy_attachment.demo-node-AmazonEKS_CNI_Policy",
            "aws_iam_role_policy_attachment.demo-node-CloudWatchAgentServerPolicy",
            "aws_security_group.demo-cluster",
            "aws_security_group.demo-workernode",
            "aws_subnet.demo",
            "aws_vpc.demo",
            "data.aws_availability_zones.available",
            "data.http.workstation-external-ip"
          ]
        }
      ]
    },
    {
      "mode": "managed",
      "type": "aws_iam_role",
      "name": "demo-cluster",
      "provider": "provider[\"registry.terraform.io/hashicorp/aws\"]",
      "instances": [
        {
          "schema_version": 0,
          "attributes": {
            "arn": "arn:aws:iam::910897187906:role/dev-cluster-role",
            "assume_role_policy": "{\"Version\":\"2012-10-17\",\"Statement\":[{\"Effect\":\"Allow\",\"Principal\":{\"Service\":\"eks.amazonaws.com\"},\"Action\":\"sts:AssumeRole\"}]}",
            "create_date": "2020-09-04T21:30:38Z",
            "description": "",
            "force_detach_policies": false,
            "id": "dev-cluster-role",
            "max_session_duration": 3600,
            "name": "dev-cluster-role",
            "name_prefix": null,
            "path": "/",
            "permissions_boundary": null,
            "tags": {},
            "unique_id": "AROA5IFNUBRBGFKXDRDAC"
          },
          "private": "bnVsbA=="
        }
      ]
    },
    {
      "mode": "managed",
      "type": "aws_iam_role",
      "name": "demo-node",
      "provider": "provider[\"registry.terraform.io/hashicorp/aws\"]",
      "instances": [
        {
          "schema_version": 0,
          "attributes": {
            "arn": "arn:aws:iam::910897187906:role/standard-workernode-role",
            "assume_role_policy": "{\"Version\":\"2012-10-17\",\"Statement\":[{\"Effect\":\"Allow\",\"Principal\":{\"Service\":\"ec2.amazonaws.com\"},\"Action\":\"sts:AssumeRole\"}]}",
            "create_date": "2020-09-04T21:30:38Z",
            "description": "",
            "force_detach_policies": false,
            "id": "standard-workernode-role",
            "max_session_duration": 3600,
            "name": "standard-workernode-role",
            "name_prefix": null,
            "path": "/",
            "permissions_boundary": null,
            "tags": {},
            "unique_id": "AROA5IFNUBRBLM7RAPQS7"
          },
          "private": "bnVsbA=="
        }
      ]
    },
    {
      "mode": "managed",
      "type": "aws_iam_role_policy_attachment",
      "name": "demo-cluster-AmazonEKSClusterPolicy",
      "provider": "provider[\"registry.terraform.io/hashicorp/aws\"]",
      "instances": [
        {
          "schema_version": 0,
          "attributes": {
            "id": "dev-cluster-role-20200904213039397500000005",
            "policy_arn": "arn:aws:iam::aws:policy/AmazonEKSClusterPolicy",
            "role": "dev-cluster-role"
          },
          "private": "bnVsbA==",
          "dependencies": [
            "aws_iam_role.demo-cluster"
          ]
        }
      ]
    },
    {
      "mode": "managed",
      "type": "aws_iam_role_policy_attachment",
      "name": "demo-node-AmazonEC2ContainerRegistryReadOnly",
      "provider": "provider[\"registry.terraform.io/hashicorp/aws\"]",
      "instances": [
        {
          "schema_version": 0,
          "attributes": {
            "id": "standard-workernode-role-20200904213039278400000003",
            "policy_arn": "arn:aws:iam::aws:policy/AmazonEC2ContainerRegistryReadOnly",
            "role": "standard-workernode-role"
          },
          "private": "bnVsbA==",
          "dependencies": [
            "aws_iam_role.demo-node"
          ]
        }
      ]
    },
    {
      "mode": "managed",
      "type": "aws_iam_role_policy_attachment",
      "name": "demo-node-AmazonEKSWorkerNodePolicy",
      "provider": "provider[\"registry.terraform.io/hashicorp/aws\"]",
      "instances": [
        {
          "schema_version": 0,
          "attributes": {
            "id": "standard-workernode-role-20200904213039259200000002",
            "policy_arn": "arn:aws:iam::aws:policy/AmazonEKSWorkerNodePolicy",
            "role": "standard-workernode-role"
          },
          "private": "bnVsbA==",
          "dependencies": [
            "aws_iam_role.demo-node"
          ]
        }
      ]
    },
    {
      "mode": "managed",
      "type": "aws_iam_role_policy_attachment",
      "name": "demo-node-AmazonEKS_CNI_Policy",
      "provider": "provider[\"registry.terraform.io/hashicorp/aws\"]",
      "instances": [
        {
          "schema_version": 0,
          "attributes": {
            "id": "standard-workernode-role-20200904213039258900000001",
            "policy_arn": "arn:aws:iam::aws:policy/AmazonEKS_CNI_Policy",
            "role": "standard-workernode-role"
          },
          "private": "bnVsbA==",
          "dependencies": [
            "aws_iam_role.demo-node"
          ]
        }
      ]
    },
    {
      "mode": "managed",
      "type": "aws_iam_role_policy_attachment",
      "name": "demo-node-CloudWatchAgentServerPolicy",
      "provider": "provider[\"registry.terraform.io/hashicorp/aws\"]",
      "instances": [
        {
          "schema_version": 0,
          "attributes": {
            "id": "standard-workernode-role-20200904213039350000000004",
            "policy_arn": "arn:aws:iam::aws:policy/CloudWatchAgentServerPolicy",
            "role": "standard-workernode-role"
          },
          "private": "bnVsbA==",
          "dependencies": [
            "aws_iam_role.demo-node"
          ]
        }
      ]
    },
    {
      "mode": "managed",
      "type": "aws_internet_gateway",
      "name": "demo",
      "provider": "provider[\"registry.terraform.io/hashicorp/aws\"]",
      "instances": [
        {
          "schema_version": 0,
          "attributes": {
            "arn": "arn:aws:ec2:us-west-2:910897187906:internet-gateway/igw-035e858eddb1b148f",
            "id": "igw-035e858eddb1b148f",
            "owner_id": "910897187906",
            "tags": {
              "Name": "terraform-eks-demo"
            },
            "vpc_id": "vpc-03d3690119fed79df"
          },
          "private": "bnVsbA==",
          "dependencies": [
            "aws_vpc.demo"
          ]
        }
      ]
    },
    {
      "mode": "managed",
      "type": "aws_route_table",
      "name": "demo",
      "provider": "provider[\"registry.terraform.io/hashicorp/aws\"]",
      "instances": [
        {
          "schema_version": 0,
          "attributes": {
            "id": "rtb-098fdab6bc3814188",
            "owner_id": "910897187906",
            "propagating_vgws": [],
            "route": [
              {
                "cidr_block": "0.0.0.0/0",
                "egress_only_gateway_id": "",
                "gateway_id": "igw-035e858eddb1b148f",
                "instance_id": "",
                "ipv6_cidr_block": "",
                "local_gateway_id": "",
                "nat_gateway_id": "",
                "network_interface_id": "",
                "transit_gateway_id": "",
                "vpc_peering_connection_id": ""
              }
            ],
            "tags": {},
            "vpc_id": "vpc-03d3690119fed79df"
          },
          "private": "bnVsbA==",
          "dependencies": [
            "aws_internet_gateway.demo",
            "aws_vpc.demo"
          ]
        }
      ]
    },
    {
      "mode": "managed",
      "type": "aws_route_table_association",
      "name": "demo",
      "provider": "provider[\"registry.terraform.io/hashicorp/aws\"]",
      "instances": [
        {
          "index_key": 0,
          "schema_version": 0,
          "attributes": {
            "gateway_id": null,
            "id": "rtbassoc-0b682bec4cc221d6e",
            "route_table_id": "rtb-098fdab6bc3814188",
            "subnet_id": "subnet-07c04191a9f07f812"
          },
          "private": "bnVsbA==",
          "dependencies": [
            "aws_internet_gateway.demo",
            "aws_route_table.demo",
            "aws_subnet.demo",
            "aws_vpc.demo",
            "data.aws_availability_zones.available"
          ]
        },
        {
          "index_key": 1,
          "schema_version": 0,
          "attributes": {
            "gateway_id": null,
            "id": "rtbassoc-0cda7ffffded7ed4e",
            "route_table_id": "rtb-098fdab6bc3814188",
            "subnet_id": "subnet-0855fcb24006e5955"
          },
          "private": "bnVsbA==",
          "dependencies": [
            "aws_internet_gateway.demo",
            "aws_route_table.demo",
            "aws_subnet.demo",
            "aws_vpc.demo",
            "data.aws_availability_zones.available"
          ]
        }
      ]
    },
    {
      "mode": "managed",
      "type": "aws_security_group",
      "name": "demo-cluster",
      "provider": "provider[\"registry.terraform.io/hashicorp/aws\"]",
      "instances": [
        {
          "schema_version": 1,
          "attributes": {
            "arn": "arn:aws:ec2:us-west-2:910897187906:security-group/sg-0329626afe667377c",
            "description": "Cluster communication with worker nodes",
            "egress": [
              {
                "cidr_blocks": [
                  "0.0.0.0/0"
                ],
                "description": "",
                "from_port": 0,
                "ipv6_cidr_blocks": [],
                "prefix_list_ids": [],
                "protocol": "-1",
                "security_groups": [],
                "self": false,
                "to_port": 0
              }
            ],
            "id": "sg-0329626afe667377c",
            "ingress": [
              {
                "cidr_blocks": [
                  "34.222.32.127/32"
                ],
                "description": "Allow workstation to communicate with the cluster API Server",
                "from_port": 443,
                "ipv6_cidr_blocks": [],
                "prefix_list_ids": [],
                "protocol": "tcp",
                "security_groups": [],
                "self": false,
                "to_port": 443
              }
            ],
            "name": "dev-cluster-sg",
            "name_prefix": "",
            "owner_id": "910897187906",
            "revoke_rules_on_delete": false,
            "tags": {
              "Name": "dev-cluster"
            },
            "timeouts": null,
            "vpc_id": "vpc-03d3690119fed79df"
          },
          "private": "eyJlMmJmYjczMC1lY2FhLTExZTYtOGY4OC0zNDM2M2JjN2M0YzAiOnsiY3JlYXRlIjo2MDAwMDAwMDAwMDAsImRlbGV0ZSI6NjAwMDAwMDAwMDAwfSwic2NoZW1hX3ZlcnNpb24iOiIxIn0=",
          "dependencies": [
            "aws_vpc.demo"
          ]
        }
      ]
    },
    {
      "mode": "managed",
      "type": "aws_security_group",
      "name": "demo-workernode",
      "provider": "provider[\"registry.terraform.io/hashicorp/aws\"]",
      "instances": [
        {
          "schema_version": 1,
          "attributes": {
            "arn": "arn:aws:ec2:us-west-2:910897187906:security-group/sg-0d0816f38b5f94d11",
            "description": "for WS to communication with worker nodes",
            "egress": [
              {
                "cidr_blocks": [
                  "0.0.0.0/0"
                ],
                "description": "",
                "from_port": 0,
                "ipv6_cidr_blocks": [],
                "prefix_list_ids": [],
                "protocol": "-1",
                "security_groups": [],
                "self": false,
                "to_port": 0
              }
            ],
            "id": "sg-0d0816f38b5f94d11",
            "ingress": [
              {
                "cidr_blocks": [
                  "34.222.32.127/32"
                ],
                "description": "",
                "from_port": 0,
                "ipv6_cidr_blocks": [],
                "prefix_list_ids": [],
                "protocol": "tcp",
                "security_groups": [],
                "self": false,
                "to_port": 65535
              }
            ],
            "name": "standard-workernode-sg",
            "name_prefix": "",
            "owner_id": "910897187906",
            "revoke_rules_on_delete": false,
            "tags": {
              "Name": "standard-workernode"
            },
            "timeouts": null,
            "vpc_id": "vpc-03d3690119fed79df"
          },
          "private": "eyJlMmJmYjczMC1lY2FhLTExZTYtOGY4OC0zNDM2M2JjN2M0YzAiOnsiY3JlYXRlIjo2MDAwMDAwMDAwMDAsImRlbGV0ZSI6NjAwMDAwMDAwMDAwfSwic2NoZW1hX3ZlcnNpb24iOiIxIn0=",
          "dependencies": [
            "aws_vpc.demo",
            "data.http.workstation-external-ip"
          ]
        }
      ]
    },
    {
      "mode": "managed",
      "type": "aws_security_group_rule",
      "name": "demo-cluster-ingress-workstation-https",
      "provider": "provider[\"registry.terraform.io/hashicorp/aws\"]",
      "instances": [
        {
          "schema_version": 2,
          "attributes": {
            "cidr_blocks": [
              "34.222.32.127/32"
            ],
            "description": "Allow workstation to communicate with the cluster API Server",
            "from_port": 443,
            "id": "sgrule-74158031",
            "ipv6_cidr_blocks": [],
            "prefix_list_ids": [],
            "protocol": "tcp",
            "security_group_id": "sg-0329626afe667377c",
            "self": false,
            "source_security_group_id": null,
            "to_port": 443,
            "type": "ingress"
          },
          "private": "eyJzY2hlbWFfdmVyc2lvbiI6IjIifQ==",
          "dependencies": [
            "aws_security_group.demo-cluster",
            "data.http.workstation-external-ip"
          ]
        }
      ]
    },
    {
      "mode": "managed",
      "type": "aws_subnet",
      "name": "demo",
      "provider": "provider[\"registry.terraform.io/hashicorp/aws\"]",
      "instances": [
        {
          "index_key": 0,
          "schema_version": 1,
          "attributes": {
            "arn": "arn:aws:ec2:us-west-2:910897187906:subnet/subnet-07c04191a9f07f812",
            "assign_ipv6_address_on_creation": false,
            "availability_zone": "us-west-2a",
            "availability_zone_id": "usw2-az1",
            "cidr_block": "10.0.0.0/24",
            "id": "subnet-07c04191a9f07f812",
            "ipv6_cidr_block": "",
            "ipv6_cidr_block_association_id": "",
            "map_public_ip_on_launch": true,
            "outpost_arn": "",
            "owner_id": "910897187906",
            "tags": {
              "Name": "terraform-eks-demo-node",
              "kubernetes.io/cluster/dev-cluster": "shared"
            },
            "timeouts": null,
            "vpc_id": "vpc-03d3690119fed79df"
          },
          "private": "eyJlMmJmYjczMC1lY2FhLTExZTYtOGY4OC0zNDM2M2JjN2M0YzAiOnsiY3JlYXRlIjo2MDAwMDAwMDAwMDAsImRlbGV0ZSI6MTIwMDAwMDAwMDAwMH0sInNjaGVtYV92ZXJzaW9uIjoiMSJ9",
          "dependencies": [
            "aws_vpc.demo",
            "data.aws_availability_zones.available"
          ]
        },
        {
          "index_key": 1,
          "schema_version": 1,
          "attributes": {
            "arn": "arn:aws:ec2:us-west-2:910897187906:subnet/subnet-0855fcb24006e5955",
            "assign_ipv6_address_on_creation": false,
            "availability_zone": "us-west-2b",
            "availability_zone_id": "usw2-az2",
            "cidr_block": "10.0.1.0/24",
            "id": "subnet-0855fcb24006e5955",
            "ipv6_cidr_block": "",
            "ipv6_cidr_block_association_id": "",
            "map_public_ip_on_launch": true,
            "outpost_arn": "",
            "owner_id": "910897187906",
            "tags": {
              "Name": "terraform-eks-demo-node",
              "kubernetes.io/cluster/dev-cluster": "shared"
            },
            "timeouts": null,
            "vpc_id": "vpc-03d3690119fed79df"
          },
          "private": "eyJlMmJmYjczMC1lY2FhLTExZTYtOGY4OC0zNDM2M2JjN2M0YzAiOnsiY3JlYXRlIjo2MDAwMDAwMDAwMDAsImRlbGV0ZSI6MTIwMDAwMDAwMDAwMH0sInNjaGVtYV92ZXJzaW9uIjoiMSJ9",
          "dependencies": [
            "aws_vpc.demo",
            "data.aws_availability_zones.available"
          ]
        }
      ]
    },
    {
      "mode": "managed",
      "type": "aws_vpc",
      "name": "demo",
      "provider": "provider[\"registry.terraform.io/hashicorp/aws\"]",
      "instances": [
        {
          "schema_version": 1,
          "attributes": {
            "arn": "arn:aws:ec2:us-west-2:910897187906:vpc/vpc-03d3690119fed79df",
            "assign_generated_ipv6_cidr_block": false,
            "cidr_block": "10.0.0.0/16",
            "default_network_acl_id": "acl-015a9c3eea55ca17b",
            "default_route_table_id": "rtb-050a1de70fe42d8d7",
            "default_security_group_id": "sg-0b405cfc04fa33ecb",
            "dhcp_options_id": "dopt-939198f1",
            "enable_classiclink": false,
            "enable_classiclink_dns_support": false,
            "enable_dns_hostnames": false,
            "enable_dns_support": true,
            "id": "vpc-03d3690119fed79df",
            "instance_tenancy": "default",
            "ipv6_association_id": "",
            "ipv6_cidr_block": "",
            "main_route_table_id": "rtb-050a1de70fe42d8d7",
            "owner_id": "910897187906",
            "tags": {
              "Name": "terraform-eks-demo-node",
              "kubernetes.io/cluster/dev-cluster": "shared"
            }
          },
          "private": "eyJzY2hlbWFfdmVyc2lvbiI6IjEifQ=="
        }
      ]
    }
  ]
}
